
Microsoft Visual Studio Solution File, Format Version 12.00
# Visual Studio 15
VisualStudioVersion = 15.0.28307.960
MinimumVisualStudioVersion = 10.0.40219.1
Project("{FAE04EC0-301F-11D3-BF4B-00C04F79EFBC}") = "EmployeeRegistration", "EmployeeRegistration\EmployeeRegistration.csproj", "{8132591A-076F-453C-A75D-ABF796C5E0BF}"
EndProject
Global
	GlobalSection(SolutionConfigurationPlatforms) = preSolution
		Debug|Any CPU = Debug|Any CPU
		Release|Any CPU = Release|Any CPU
	EndGlobalSection
	GlobalSection(ProjectConfigurationPlatforms) = postSolution
		{8132591A-076F-453C-A75D-ABF796C5E0BF}.Debug|Any CPU.ActiveCfg = Debug|Any CPU
		{8132591A-076F-453C-A75D-ABF796C5E0BF}.Debug|Any CPU.Build.0 = Debug|Any CPU
		{8132591A-076F-453C-A75D-ABF796C5E0BF}.Release|Any CPU.ActiveCfg = Release|Any CPU
		{8132591A-076F-453C-A75D-ABF796C5E0BF}.Release|Any CPU.Build.0 = Release|Any CPU
	EndGlobalSection
	GlobalSection(SolutionProperties) = preSolution
		HideSolutionNode = FALSE
	EndGlobalSection
	GlobalSection(ExtensibilityGlobals) = postSolution
		SolutionGuid = {1891EF5A-4BA1-452A-8161-FFB9FFA56F04}
	EndGlobalSection
EndGlobal
